
Microsoft Visual Studio Solution File, Format Version 12.00
# Visual Studio Version 17
VisualStudioVersion = 17.5.002.0
MinimumVisualStudioVersion = 10.0.40219.1
Project("{9A19103F-16F7-4668-BE54-9A1E7A4F7556}") = "contacts2", "api\contacts2.csproj", "{A568ECA6-D6F5-48D1-A19F-CCC69631AF3F}"
EndProject
Global
	GlobalSection(SolutionConfigurationPlatforms) = preSolution
		Debug|Any CPU = Debug|Any CPU
		Release|Any CPU = Release|Any CPU
	EndGlobalSection
	GlobalSection(ProjectConfigurationPlatforms) = postSolution
		{A568ECA6-D6F5-48D1-A19F-CCC69631AF3F}.Debug|Any CPU.ActiveCfg = Debug|Any CPU
		{A568ECA6-D6F5-48D1-A19F-CCC69631AF3F}.Debug|Any CPU.Build.0 = Debug|Any CPU
		{A568ECA6-D6F5-48D1-A19F-CCC69631AF3F}.Release|Any CPU.ActiveCfg = Release|Any CPU
		{A568ECA6-D6F5-48D1-A19F-CCC69631AF3F}.Release|Any CPU.Build.0 = Release|Any CPU
	EndGlobalSection
	GlobalSection(SolutionProperties) = preSolution
		HideSolutionNode = FALSE
	EndGlobalSection
	GlobalSection(ExtensibilityGlobals) = postSolution
		SolutionGuid = {D66894C5-A719-4339-8AC1-F11F6416C03B}
	EndGlobalSection
EndGlobal
